// !$*UTF8*$!
{
	archiveVersion = 1;
	classes = {
	};
	objectVersion = 56;
	objects = {

/* Begin PBXBuildFile section */
		B4018B752B723F1C00F81E45 /* ListForEachDemoApp.swift in Sources */ = {isa = PBXBuildFile; fileRef = B4018B742B723F1C00F81E45 /* ListForEachDemoApp.swift */; };
		B4018B772B723F1C00F81E45 /* ContentView.swift in Sources */ = {isa = PBXBuildFile; fileRef = B4018B762B723F1C00F81E45 /* ContentView.swift */; };
		B4018B792B723F1D00F81E45 /* Assets.xcassets in Resources */ = {isa = PBXBuildFile; fileRef = B4018B782B723F1D00F81E45 /* Assets.xcassets */; };
		B4018B7C2B723F1D00F81E45 /* Preview Assets.xcassets in Resources */ = {isa = PBXBuildFile; fileRef = B4018B7B2B723F1D00F81E45 /* Preview Assets.xcassets */; };
		B4018B862B723F1D00F81E45 /* ListForEachDemoTests.swift in Sources */ = {isa = PBXBuildFile; fileRef = B4018B852B723F1D00F81E45 /* ListForEachDemoTests.swift */; };
		B4018B902B723F1D00F81E45 /* ListForEachDemoUITests.swift in Sources */ = {isa = PBXBuildFile; fileRef = B4018B8F2B723F1D00F81E45 /* ListForEachDemoUITests.swift */; };
		B4018B922B723F1D00F81E45 /* ListForEachDemoUITestsLaunchTests.swift in Sources */ = {isa = PBXBuildFile; fileRef = B4018B912B723F1D00F81E45 /* ListForEachDemoUITestsLaunchTests.swift */; };
/* End PBXBuildFile section */

/* Begin PBXContainerItemProxy section */
		B4018B822B723F1D00F81E45 /* PBXContainerItemProxy */ = {
			isa = PBXContainerItemProxy;
			containerPortal = B4018B692B723F1B00F81E45 /* Project object */;
			proxyType = 1;
			remoteGlobalIDString = B4018B702B723F1B00F81E45;
			remoteInfo = ListForEachDemo;
		};
		B4018B8C2B723F1D00F81E45 /* PBXContainerItemProxy */ = {
			isa = PBXContainerItemProxy;
			containerPortal = B4018B692B723F1B00F81E45 /* Project object */;
			proxyType = 1;
			remoteGlobalIDString = B4018B702B723F1B00F81E45;
			remoteInfo = ListForEachDemo;
		};
/* End PBXContainerItemProxy section */

/* Begin PBXFileReference section */
		B4018B712B723F1C00F81E45 /* ListForEachDemo.app */ = {isa = PBXFileReference; explicitFileType = wrapper.application; includeInIndex = 0; path = ListForEachDemo.app; sourceTree = BUILT_PRODUCTS_DIR; };
		B4018B742B723F1C00F81E45 /* ListForEachDemoApp.swift */ = {isa = PBXFileReference; lastKnownFileType = sourcecode.swift; path = ListForEachDemoApp.swift; sourceTree = "<group>"; };
		B4018B762B723F1C00F81E45 /* ContentView.swift */ = {isa = PBXFileReference; lastKnownFileType = sourcecode.swift; path = ContentView.swift; sourceTree = "<group>"; };
		B4018B782B723F1D00F81E45 /* Assets.xcassets */ = {isa = PBXFileReference; lastKnownFileType = folder.assetcatalog; path = Assets.xcassets; sourceTree = "<group>"; };
		B4018B7B2B723F1D00F81E45 /* Preview Assets.xcassets */ = {isa = PBXFileReference; lastKnownFileType = folder.assetcatalog; path = "Preview Assets.xcassets"; sourceTree = "<group>"; };
		B4018B812B723F1D00F81E45 /* ListForEachDemoTests.xctest */ = {isa = PBXFileReference; explicitFileType = wrapper.cfbundle; includeInIndex = 0; path = ListForEachDemoTests.xctest; sourceTree = BUILT_PRODUCTS_DIR; };
		B4018B852B723F1D00F81E45 /* ListForEachDemoTests.swift */ = {isa = PBXFileReference; lastKnownFileType = sourcecode.swift; path = ListForEachDemoTests.swift; sourceTree = "<group>"; };
		B4018B8B2B723F1D00F81E45 /* ListForEachDemoUITests.xctest */ = {isa = PBXFileReference; explicitFileType = wrapper.cfbundle; includeInIndex = 0; path = ListForEachDemoUITests.xctest; sourceTree = BUILT_PRODUCTS_DIR; };
		B4018B8F2B723F1D00F81E45 /* ListForEachDemoUITests.swift */ = {isa = PBXFileReference; lastKnownFileType = sourcecode.swift; path = ListForEachDemoUITests.swift; sourceTree = "<group>"; };
		B4018B912B723F1D00F81E45 /* ListForEachDemoUITestsLaunchTests.swift */ = {isa = PBXFileReference; lastKnownFileType = sourcecode.swift; path = ListForEachDemoUITestsLaunchTests.swift; sourceTree = "<group>"; };
/* End PBXFileReference section */

/* Begin PBXFrameworksBuildPhase section */
		B4018B6E2B723F1B00F81E45 /* Frameworks */ = {
			isa = PBXFrameworksBuildPhase;
			buildActionMask = 2147483647;
			files = (
			);
			runOnlyForDeploymentPostprocessing = 0;
		};
		B4018B7E2B723F1D00F81E45 /* Frameworks */ = {
			isa = PBXFrameworksBuildPhase;
			buildActionMask = 2147483647;
			files = (
			);
			runOnlyForDeploymentPostprocessing = 0;
		};
		B4018B882B723F1D00F81E45 /* Frameworks */ = {
			isa = PBXFrameworksBuildPhase;
			buildActionMask = 2147483647;
			files = (
			);
			runOnlyForDeploymentPostprocessing = 0;
		};
/* End PBXFrameworksBuildPhase section */

/* Begin PBXGroup section */
		B4018B682B723F1B00F81E45 = {
			isa = PBXGroup;
			children = (
				B4018B732B723F1C00F81E45 /* ListForEachDemo */,
				B4018B842B723F1D00F81E45 /* ListForEachDemoTests */,
				B4018B8E2B723F1D00F81E45 /* ListForEachDemoUITests */,
				B4018B722B723F1C00F81E45 /* Products */,
			);
			sourceTree = "<group>";
		};
		B4018B722B723F1C00F81E45 /* Products */ = {
			isa = PBXGroup;
			children = (
				B4018B712B723F1C00F81E45 /* ListForEachDemo.app */,
				B4018B812B723F1D00F81E45 /* ListForEachDemoTests.xctest */,
				B4018B8B2B723F1D00F81E45 /* ListForEachDemoUITests.xctest */,
			);
			name = Products;
			sourceTree = "<group>";
		};
		B4018B732B723F1C00F81E45 /* ListForEachDemo */ = {
			isa = PBXGroup;
			children = (
				B4018B742B723F1C00F81E45 /* ListForEachDemoApp.swift */,
				B4018B762B723F1C00F81E45 /* ContentView.swift */,
				B4018B782B723F1D00F81E45 /* Assets.xcassets */,
				B4018B7A2B723F1D00F81E45 /* Preview Content */,
			);
			path = ListForEachDemo;
			sourceTree = "<group>";
		};
		B4018B7A2B723F1D00F81E45 /* Preview Content */ = {
			isa = PBXGroup;
			children = (
				B4018B7B2B723F1D00F81E45 /* Preview Assets.xcassets */,
			);
			path = "Preview Content";
			sourceTree = "<group>";
		};
		B4018B842B723F1D00F81E45 /* ListForEachDemoTests */ = {
			isa = PBXGroup;
			children = (
				B4018B852B723F1D00F81E45 /* ListForEachDemoTests.swift */,
			);
			path = ListForEachDemoTests;
			sourceTree = "<group>";
		};
		B4018B8E2B723F1D00F81E45 /* ListForEachDemoUITests */ = {
			isa = PBXGroup;
			children = (
				B4018B8F2B723F1D00F81E45 /* ListForEachDemoUITests.swift */,
				B4018B912B723F1D00F81E45 /* ListForEachDemoUITestsLaunchTests.swift */,
			);
			path = ListForEachDemoUITests;
			sourceTree = "<group>";
		};
/* End PBXGroup section */

/* Begin PBXNativeTarget section */
		B4018B702B723F1B00F81E45 /* ListForEachDemo */ = {
			isa = PBXNativeTarget;
			buildConfigurationList = B4018B952B723F1D00F81E45 /* Build configuration list for PBXNativeTarget "ListForEachDemo" */;
			buildPhases = (
				B4018B6D2B723F1B00F81E45 /* Sources */,
				B4018B6E2B723F1B00F81E45 /* Frameworks */,
				B4018B6F2B723F1B00F81E45 /* Resources */,
			);
			buildRules = (
			);
			dependencies = (
			);
			name = ListForEachDemo;
			productName = ListForEachDemo;
			productReference = B4018B712B723F1C00F81E45 /* ListForEachDemo.app */;
			productType = "com.apple.product-type.application";
		};
		B4018B802B723F1D00F81E45 /* ListForEachDemoTests */ = {
			isa = PBXNativeTarget;
			buildConfigurationList = B4018B982B723F1D00F81E45 /* Build configuration list for PBXNativeTarget "ListForEachDemoTests" */;
			buildPhases = (
				B4018B7D2B723F1D00F81E45 /* Sources */,
				B4018B7E2B723F1D00F81E45 /* Frameworks */,
				B4018B7F2B723F1D00F81E45 /* Resources */,
			);
			buildRules = (
			);
			dependencies = (
				B4018B832B723F1D00F81E45 /* PBXTargetDependency */,
			);
			name = ListForEachDemoTests;
			productName = ListForEachDemoTests;
			productReference = B4018B812B723F1D00F81E45 /* ListForEachDemoTests.xctest */;
			productType = "com.apple.product-type.bundle.unit-test";
		};
		B4018B8A2B723F1D00F81E45 /* ListForEachDemoUITests */ = {
			isa = PBXNativeTarget;
			buildConfigurationList = B4018B9B2B723F1D00F81E45 /* Build configuration list for PBXNativeTarget "ListForEachDemoUITests" */;
			buildPhases = (
				B4018B872B723F1D00F81E45 /* Sources */,
				B4018B882B723F1D00F81E45 /* Frameworks */,
				B4018B892B723F1D00F81E45 /* Resources */,
			);
			buildRules = (
			);
			dependencies = (
				B4018B8D2B723F1D00F81E45 /* PBXTargetDependency */,
			);
			name = ListForEachDemoUITests;
			productName = ListForEachDemoUITests;
			productReference = B4018B8B2B723F1D00F81E45 /* ListForEachDemoUITests.xctest */;
			productType = "com.apple.product-type.bundle.ui-testing";
		};
/* End PBXNativeTarget section */

/* Begin PBXProject section */
		B4018B692B723F1B00F81E45 /* Project object */ = {
			isa = PBXProject;
			attributes = {
				BuildIndependentTargetsInParallel = 1;
				LastSwiftUpdateCheck = 1430;
				LastUpgradeCheck = 1430;
				TargetAttributes = {
					B4018B702B723F1B00F81E45 = {
						CreatedOnToolsVersion = 14.3.1;
					};
					B4018B802B723F1D00F81E45 = {
						CreatedOnToolsVersion = 14.3.1;
						TestTargetID = B4018B702B723F1B00F81E45;
					};
					B4018B8A2B723F1D00F81E45 = {
						CreatedOnToolsVersion = 14.3.1;
						TestTargetID = B4018B702B723F1B00F81E45;
					};
				};
			};
			buildConfigurationList = B4018B6C2B723F1B00F81E45 /* Build configuration list for PBXProject "ListForEachDemo" */;
			compatibilityVersion = "Xcode 14.0";
			developmentRegion = en;
			hasScannedForEncodings = 0;
			knownRegions = (
				en,
				Base,
			);
			mainGroup = B4018B682B723F1B00F81E45;
			productRefGroup = B4018B722B723F1C00F81E45 /* Products */;
			projectDirPath = "";
			projectRoot = "";
			targets = (
				B4018B702B723F1B00F81E45 /* ListForEachDemo */,
				B4018B802B723F1D00F81E45 /* ListForEachDemoTests */,
				B4018B8A2B723F1D00F81E45 /* ListForEachDemoUITests */,
			);
		};
/* End PBXProject section */

/* Begin PBXResourcesBuildPhase section */
		B4018B6F2B723F1B00F81E45 /* Resources */ = {
			isa = PBXResourcesBuildPhase;
			buildActionMask = 2147483647;
			files = (
				B4018B7C2B723F1D00F81E45 /* Preview Assets.xcassets in Resources */,
				B4018B792B723F1D00F81E45 /* Assets.xcassets in Resources */,
			);
			runOnlyForDeploymentPostprocessing = 0;
		};
		B4018B7F2B723F1D00F81E45 /* Resources */ = {
			isa = PBXResourcesBuildPhase;
			buildActionMask = 2147483647;
			files = (
			);
			runOnlyForDeploymentPostprocessing = 0;
		};
		B4018B892B723F1D00F81E45 /* Resources */ = {
			isa = PBXResourcesBuildPhase;
			buildActionMask = 2147483647;
			files = (
			);
			runOnlyForDeploymentPostprocessing = 0;
		};
/* End PBXResourcesBuildPhase section */

/* Begin PBXSourcesBuildPhase section */
		B4018B6D2B723F1B00F81E45 /* Sources */ = {
			isa = PBXSourcesBuildPhase;
			buildActionMask = 2147483647;
			files = (
				B4018B772B723F1C00F81E45 /* ContentView.swift in Sources */,
				B4018B752B723F1C00F81E45 /* ListForEachDemoApp.swift in Sources */,
			);
			runOnlyForDeploymentPostprocessing = 0;
		};
		B4018B7D2B723F1D00F81E45 /* Sources */ = {
			isa = PBXSourcesBuildPhase;
			buildActionMask = 2147483647;
			files = (
				B4018B862B723F1D00F81E45 /* ListForEachDemoTests.swift in Sources */,
			);
			runOnlyForDeploymentPostprocessing = 0;
		};
		B4018B872B723F1D00F81E45 /* Sources */ = {
			isa = PBXSourcesBuildPhase;
			buildActionMask = 2147483647;
			files = (
				B4018B922B723F1D00F81E45 /* ListForEachDemoUITestsLaunchTests.swift in Sources */,
				B4018B902B723F1D00F81E45 /* ListForEachDemoUITests.swift in Sources */,
			);
			runOnlyForDeploymentPostprocessing = 0;
		};
/* End PBXSourcesBuildPhase section */

/* Begin PBXTargetDependency section */
		B4018B832B723F1D00F81E45 /* PBXTargetDependency */ = {
			isa = PBXTargetDependency;
			target = B4018B702B723F1B00F81E45 /* ListForEachDemo */;
			targetProxy = B4018B822B723F1D00F81E45 /* PBXContainerItemProxy */;
		};
		B4018B8D2B723F1D00F81E45 /* PBXTargetDependency */ = {
			isa = PBXTargetDependency;
			target = B4018B702B723F1B00F81E45 /* ListForEachDemo */;
			targetProxy = B4018B8C2B723F1D00F81E45 /* PBXContainerItemProxy */;
		};
/* End PBXTargetDependency section */

/* Begin XCBuildConfiguration section */
		B4018B932B723F1D00F81E45 /* Debug */ = {
			isa = XCBuildConfiguration;
			buildSettings = {
				ALWAYS_SEARCH_USER_PATHS = NO;
				CLANG_ANALYZER_NONNULL = YES;
				CLANG_ANALYZER_NUMBER_OBJECT_CONVERSION = YES_AGGRESSIVE;
				CLANG_CXX_LANGUAGE_STANDARD = "gnu++20";
				CLANG_ENABLE_MODULES = YES;
				CLANG_ENABLE_OBJC_ARC = YES;
				CLANG_ENABLE_OBJC_WEAK = YES;
				CLANG_WARN_BLOCK_CAPTURE_AUTORELEASING = YES;
				CLANG_WARN_BOOL_CONVERSION = YES;
				CLANG_WARN_COMMA = YES;
				CLANG_WARN_CONSTANT_CONVERSION = YES;
				CLANG_WARN_DEPRECATED_OBJC_IMPLEMENTATIONS = YES;
				CLANG_WARN_DIRECT_OBJC_ISA_USAGE = YES_ERROR;
				CLANG_WARN_DOCUMENTATION_COMMENTS = YES;
				CLANG_WARN_EMPTY_BODY = YES;
				CLANG_WARN_ENUM_CONVERSION = YES;
				CLANG_WARN_INFINITE_RECURSION = YES;
				CLANG_WARN_INT_CONVERSION = YES;
				CLANG_WARN_NON_LITERAL_NULL_CONVERSION = YES;
				CLANG_WARN_OBJC_IMPLICIT_RETAIN_SELF = YES;
				CLANG_WARN_OBJC_LITERAL_CONVERSION = YES;
				CLANG_WARN_OBJC_ROOT_CLASS = YES_ERROR;
				CLANG_WARN_QUOTED_INCLUDE_IN_FRAMEWORK_HEADER = YES;
				CLANG_WARN_RANGE_LOOP_ANALYSIS = YES;
				CLANG_WARN_STRICT_PROTOTYPES = YES;
				CLANG_WARN_SUSPICIOUS_MOVE = YES;
				CLANG_WARN_UNGUARDED_AVAILABILITY = YES_AGGRESSIVE;
				CLANG_WARN_UNREACHABLE_CODE = YES;
				CLANG_WARN__DUPLICATE_METHOD_MATCH = YES;
				COPY_PHASE_STRIP = NO;
				DEBUG_INFORMATION_FORMAT = dwarf;
				ENABLE_STRICT_OBJC_MSGSEND = YES;
				ENABLE_TESTABILITY = YES;
				GCC_C_LANGUAGE_STANDARD = gnu11;
				GCC_DYNAMIC_NO_PIC = NO;
				GCC_NO_COMMON_BLOCKS = YES;
				GCC_OPTIMIZATION_LEVEL = 0;
				GCC_PREPROCESSOR_DEFINITIONS = (
					"DEBUG=1",
					"$(inherited)",
				);
				GCC_WARN_64_TO_32_BIT_CONVERSION = YES;
				GCC_WARN_ABOUT_RETURN_TYPE = YES_ERROR;
				GCC_WARN_UNDECLARED_SELECTOR = YES;
				GCC_WARN_UNINITIALIZED_AUTOS = YES_AGGRESSIVE;
				GCC_WARN_UNUSED_FUNCTION = YES;
				GCC_WARN_UNUSED_VARIABLE = YES;
				IPHONEOS_DEPLOYMENT_TARGET = 16.4;
				MTL_ENABLE_DEBUG_INFO = INCLUDE_SOURCE;
				MTL_FAST_MATH = YES;
				ONLY_ACTIVE_ARCH = YES;
				SDKROOT = iphoneos;
				SWIFT_ACTIVE_COMPILATION_CONDITIONS = DEBUG;
				SWIFT_OPTIMIZATION_LEVEL = "-Onone";
			};
			name = Debug;
		};
		B4018B942B723F1D00F81E45 /* Release */ = {
			isa = XCBuildConfiguration;
			buildSettings = {
				ALWAYS_SEARCH_USER_PATHS = NO;
				CLANG_ANALYZER_NONNULL = YES;
				CLANG_ANALYZER_NUMBER_OBJECT_CONVERSION = YES_AGGRESSIVE;
				CLANG_CXX_LANGUAGE_STANDARD = "gnu++20";
				CLANG_ENABLE_MODULES = YES;
				CLANG_ENABLE_OBJC_ARC = YES;
				CLANG_ENABLE_OBJC_WEAK = YES;
				CLANG_WARN_BLOCK_CAPTURE_AUTORELEASING = YES;
				CLANG_WARN_BOOL_CONVERSION = YES;
				CLANG_WARN_COMMA = YES;
				CLANG_WARN_CONSTANT_CONVERSION = YES;
				CLANG_WARN_DEPRECATED_OBJC_IMPLEMENTATIONS = YES;
				CLANG_WARN_DIRECT_OBJC_ISA_USAGE = YES_ERROR;
				CLANG_WARN_DOCUMENTATION_COMMENTS = YES;
				CLANG_WARN_EMPTY_BODY = YES;
				CLANG_WARN_ENUM_CONVERSION = YES;
				CLANG_WARN_INFINITE_RECURSION = YES;
				CLANG_WARN_INT_CONVERSION = YES;
				CLANG_WARN_NON_LITERAL_NULL_CONVERSION = YES;
				CLANG_WARN_OBJC_IMPLICIT_RETAIN_SELF = YES;
				CLANG_WARN_OBJC_LITERAL_CONVERSION = YES;
				CLANG_WARN_OBJC_ROOT_CLASS = YES_ERROR;
				CLANG_WARN_QUOTED_INCLUDE_IN_FRAMEWORK_HEADER = YES;
				CLANG_WARN_RANGE_LOOP_ANALYSIS = YES;
				CLANG_WARN_STRICT_PROTOTYPES = YES;
				CLANG_WARN_SUSPICIOUS_MOVE = YES;
				CLANG_WARN_UNGUARDED_AVAILABILITY = YES_AGGRESSIVE;
				CLANG_WARN_UNREACHABLE_CODE = YES;
				CLANG_WARN__DUPLICATE_METHOD_MATCH = YES;
				COPY_PHASE_STRIP = NO;
				DEBUG_INFORMATION_FORMAT = "dwarf-with-dsym";
				ENABLE_NS_ASSERTIONS = NO;
				ENABLE_STRICT_OBJC_MSGSEND = YES;
				GCC_C_LANGUAGE_STANDARD = gnu11;
				GCC_NO_COMMON_BLOCKS = YES;
				GCC_WARN_64_TO_32_BIT_CONVERSION = YES;
				GCC_WARN_ABOUT_RETURN_TYPE = YES_ERROR;
				GCC_WARN_UNDECLARED_SELECTOR = YES;
				GCC_WARN_UNINITIALIZED_AUTOS = YES_AGGRESSIVE;
				GCC_WARN_UNUSED_FUNCTION = YES;
				GCC_WARN_UNUSED_VARIABLE = YES;
				IPHONEOS_DEPLOYMENT_TARGET = 16.4;
				MTL_ENABLE_DEBUG_INFO = NO;
				MTL_FAST_MATH = YES;
				SDKROOT = iphoneos;
				SWIFT_COMPILATION_MODE = wholemodule;
				SWIFT_OPTIMIZATION_LEVEL = "-O";
				VALIDATE_PRODUCT = YES;
			};
			name = Release;
		};
		B4018B962B723F1D00F81E45 /* Debug */ = {
			isa = XCBuildConfiguration;
			buildSettings = {
				ASSETCATALOG_COMPILER_APPICON_NAME = AppIcon;
				ASSETCATALOG_COMPILER_GLOBAL_ACCENT_COLOR_NAME = AccentColor;
				CODE_SIGN_STYLE = Automatic;
				CURRENT_PROJECT_VERSION = 1;
				DEVELOPMENT_ASSET_PATHS = "\"ListForEachDemo/Preview Content\"";
				DEVELOPMENT_TEAM = 599QPW35GD;
				ENABLE_PREVIEWS = YES;
				GENERATE_INFOPLIST_FILE = YES;
				INFOPLIST_KEY_UIApplicationSceneManifest_Generation = YES;
				INFOPLIST_KEY_UIApplicationSupportsIndirectInputEvents = YES;
				INFOPLIST_KEY_UILaunchScreen_Generation = YES;
				INFOPLIST_KEY_UISupportedInterfaceOrientations_iPad = "UIInterfaceOrientationPortrait UIInterfaceOrientationPortraitUpsideDown UIInterfaceOrientationLandscapeLeft UIInterfaceOrientationLandscapeRight";
				INFOPLIST_KEY_UISupportedInterfaceOrientations_iPhone = "UIInterfaceOrientationPortrait UIInterfaceOrientationLandscapeLeft UIInterfaceOrientationLandscapeRight";
				IPHONEOS_DEPLOYMENT_TARGET = 16.4;
				LD_RUNPATH_SEARCH_PATHS = (
					"$(inherited)",
					"@executable_path/Frameworks",
				);
				MARKETING_VERSION = 1.0;
				PRODUCT_BUNDLE_IDENTIFIER = com.mrcormell.ListForEachDemo;
				PRODUCT_NAME = "$(TARGET_NAME)";
				SWIFT_EMIT_LOC_STRINGS = YES;
				SWIFT_VERSION = 5.0;
				TARGETED_DEVICE_FAMILY = "1,2";
			};
			name = Debug;
		};
		B4018B972B723F1D00F81E45 /* Release */ = {
			isa = XCBuildConfiguration;
			buildSettings = {
				ASSETCATALOG_COMPILER_APPICON_NAME = AppIcon;
				ASSETCATALOG_COMPILER_GLOBAL_ACCENT_COLOR_NAME = AccentColor;
				CODE_SIGN_STYLE = Automatic;
				CURRENT_PROJECT_VERSION = 1;
				DEVELOPMENT_ASSET_PATHS = "\"ListForEachDemo/Preview Content\"";
				DEVELOPMENT_TEAM = 599QPW35GD;
				ENABLE_PREVIEWS = YES;
				GENERATE_INFOPLIST_FILE = YES;
				INFOPLIST_KEY_UIApplicationSceneManifest_Generation = YES;
				INFOPLIST_KEY_UIApplicationSupportsIndirectInputEvents = YES;
				INFOPLIST_KEY_UILaunchScreen_Generation = YES;
				INFOPLIST_KEY_UISupportedInterfaceOrientations_iPad = "UIInterfaceOrientationPortrait UIInterfaceOrientationPortraitUpsideDown UIInterfaceOrientationLandscapeLeft UIInterfaceOrientationLandscapeRight";
				INFOPLIST_KEY_UISupportedInterfaceOrientations_iPhone = "UIInterfaceOrientationPortrait UIInterfaceOrientationLandscapeLeft UIInterfaceOrientationLandscapeRight";
				IPHONEOS_DEPLOYMENT_TARGET = 16.4;
				LD_RUNPATH_SEARCH_PATHS = (
					"$(inherited)",
					"@executable_path/Frameworks",
				);
				MARKETING_VERSION = 1.0;
				PRODUCT_BUNDLE_IDENTIFIER = com.mrcormell.ListForEachDemo;
				PRODUCT_NAME = "$(TARGET_NAME)";
				SWIFT_EMIT_LOC_STRINGS = YES;
				SWIFT_VERSION = 5.0;
				TARGETED_DEVICE_FAMILY = "1,2";
			};
			name = Release;
		};
		B4018B992B723F1D00F81E45 /* Debug */ = {
			isa = XCBuildConfiguration;
			buildSettings = {
				ALWAYS_EMBED_SWIFT_STANDARD_LIBRARIES = YES;
				BUNDLE_LOADER = "$(TEST_HOST)";
				CODE_SIGN_STYLE = Automatic;
				CURRENT_PROJECT_VERSION = 1;
				DEVELOPMENT_TEAM = 599QPW35GD;
				GENERATE_INFOPLIST_FILE = YES;
				IPHONEOS_DEPLOYMENT_TARGET = 16.4;
				MARKETING_VERSION = 1.0;
				PRODUCT_BUNDLE_IDENTIFIER = com.mrcormell.ListForEachDemoTests;
				PRODUCT_NAME = "$(TARGET_NAME)";
				SWIFT_EMIT_LOC_STRINGS = NO;
				SWIFT_VERSION = 5.0;
				TARGETED_DEVICE_FAMILY = "1,2";
				TEST_HOST = "$(BUILT_PRODUCTS_DIR)/ListForEachDemo.app/$(BUNDLE_EXECUTABLE_FOLDER_PATH)/ListForEachDemo";
			};
			name = Debug;
		};
		B4018B9A2B723F1D00F81E45 /* Release */ = {
			isa = XCBuildConfiguration;
			buildSettings = {
				ALWAYS_EMBED_SWIFT_STANDARD_LIBRARIES = YES;
				BUNDLE_LOADER = "$(TEST_HOST)";
				CODE_SIGN_STYLE = Automatic;
				CURRENT_PROJECT_VERSION = 1;
				DEVELOPMENT_TEAM = 599QPW35GD;
				GENERATE_INFOPLIST_FILE = YES;
				IPHONEOS_DEPLOYMENT_TARGET = 16.4;
				MARKETING_VERSION = 1.0;
				PRODUCT_BUNDLE_IDENTIFIER = com.mrcormell.ListForEachDemoTests;
				PRODUCT_NAME = "$(TARGET_NAME)";
				SWIFT_EMIT_LOC_STRINGS = NO;
				SWIFT_VERSION = 5.0;
				TARGETED_DEVICE_FAMILY = "1,2";
				TEST_HOST = "$(BUILT_PRODUCTS_DIR)/ListForEachDemo.app/$(BUNDLE_EXECUTABLE_FOLDER_PATH)/ListForEachDemo";
			};
			name = Release;
		};
		B4018B9C2B723F1D00F81E45 /* Debug */ = {
			isa = XCBuildConfiguration;
			buildSettings = {
				ALWAYS_EMBED_SWIFT_STANDARD_LIBRARIES = YES;
				CODE_SIGN_STYLE = Automatic;
				CURRENT_PROJECT_VERSION = 1;
				DEVELOPMENT_TEAM = 599QPW35GD;
				GENERATE_INFOPLIST_FILE = YES;
				MARKETING_VERSION = 1.0;
				PRODUCT_BUNDLE_IDENTIFIER = com.mrcormell.ListForEachDemoUITests;
				PRODUCT_NAME = "$(TARGET_NAME)";
				SWIFT_EMIT_LOC_STRINGS = NO;
				SWIFT_VERSION = 5.0;
				TARGETED_DEVICE_FAMILY = "1,2";
				TEST_TARGET_NAME = ListForEachDemo;
			};
			name = Debug;
		};
		B4018B9D2B723F1D00F81E45 /* Release */ = {
			isa = XCBuildConfiguration;
			buildSettings = {
				ALWAYS_EMBED_SWIFT_STANDARD_LIBRARIES = YES;
				CODE_SIGN_STYLE = Automatic;
				CURRENT_PROJECT_VERSION = 1;
				DEVELOPMENT_TEAM = 599QPW35GD;
				GENERATE_INFOPLIST_FILE = YES;
				MARKETING_VERSION = 1.0;
				PRODUCT_BUNDLE_IDENTIFIER = com.mrcormell.ListForEachDemoUITests;
				PRODUCT_NAME = "$(TARGET_NAME)";
				SWIFT_EMIT_LOC_STRINGS = NO;
				SWIFT_VERSION = 5.0;
				TARGETED_DEVICE_FAMILY = "1,2";
				TEST_TARGET_NAME = ListForEachDemo;
			};
			name = Release;
		};
/* End XCBuildConfiguration section */

/* Begin XCConfigurationList section */
		B4018B6C2B723F1B00F81E45 /* Build configuration list for PBXProject "ListForEachDemo" */ = {
			isa = XCConfigurationList;
			buildConfigurations = (
				B4018B932B723F1D00F81E45 /* Debug */,
				B4018B942B723F1D00F81E45 /* Release */,
			);
			defaultConfigurationIsVisible = 0;
			defaultConfigurationName = Release;
		};
		B4018B952B723F1D00F81E45 /* Build configuration list for PBXNativeTarget "ListForEachDemo" */ = {
			isa = XCConfigurationList;
			buildConfigurations = (
				B4018B962B723F1D00F81E45 /* Debug */,
				B4018B972B723F1D00F81E45 /* Release */,
			);
			defaultConfigurationIsVisible = 0;
			defaultConfigurationName = Release;
		};
		B4018B982B723F1D00F81E45 /* Build configuration list for PBXNativeTarget "ListForEachDemoTests" */ = {
			isa = XCConfigurationList;
			buildConfigurations = (
				B4018B992B723F1D00F81E45 /* Debug */,
				B4018B9A2B723F1D00F81E45 /* Release */,
			);
			defaultConfigurationIsVisible = 0;
			defaultConfigurationName = Release;
		};
		B4018B9B2B723F1D00F81E45 /* Build configuration list for PBXNativeTarget "ListForEachDemoUITests" */ = {
			isa = XCConfigurationList;
			buildConfigurations = (
				B4018B9C2B723F1D00F81E45 /* Debug */,
				B4018B9D2B723F1D00F81E45 /* Release */,
			);
			defaultConfigurationIsVisible = 0;
			defaultConfigurationName = Release;
		};
/* End XCConfigurationList section */
	};
	rootObject = B4018B692B723F1B00F81E45 /* Project object */;
}
